
Microsoft Visual Studio Solution File, Format Version 10.00
# Visual Studio 2008
Project("{F184B08F-C81C-45F6-A57F-5ABD9991F28F}") = "StockSearcher", "StockSearcher\StockSearcher.vbproj", "{28387B13-9B1D-4D39-BA54-C0B4538DF431}"
EndProject
Global
	GlobalSection(SolutionConfigurationPlatforms) = preSolution
		Debug|Any CPU = Debug|Any CPU
		Release|Any CPU = Release|Any CPU
	EndGlobalSection
	GlobalSection(ProjectConfigurationPlatforms) = postSolution
		{28387B13-9B1D-4D39-BA54-C0B4538DF431}.Debug|Any CPU.ActiveCfg = Debug|Any CPU
		{28387B13-9B1D-4D39-BA54-C0B4538DF431}.Debug|Any CPU.Build.0 = Debug|Any CPU
		{28387B13-9B1D-4D39-BA54-C0B4538DF431}.Release|Any CPU.ActiveCfg = Release|Any CPU
		{28387B13-9B1D-4D39-BA54-C0B4538DF431}.Release|Any CPU.Build.0 = Release|Any CPU
	EndGlobalSection
	GlobalSection(SolutionProperties) = preSolution
		HideSolutionNode = FALSE
	EndGlobalSection
EndGlobal
